<?xml version="1.0" encoding="utf-8"?>
<Project ToolsVersion="4.0" xmlns="http://schemas.microsoft.com/developer/msbuild/2003">
  <ItemGroup>
    <Filter Include="Quelldateien">
      <UniqueIdentifier>{4FC737F1-C7A5-4376-A066-2A32D752A2FF}</UniqueIdentifier>
      <Extensions>cpp;c;cc;cxx;def;odl;idl;hpj;bat;asm;asmx</Extensions>
    </Filter>
    <Filter Include="Headerdateien">
      <UniqueIdentifier>{93995380-89BD-4b04-88EB-625FBE52EBFB}</UniqueIdentifier>
      <Extensions>h;hh;hpp;hxx;hm;inl;inc;xsd</Extensions>
    </Filter>
    <Filter Include="Ressourcendateien">
      <UniqueIdentifier>{67DA6AB6-F800-4c08-8B7A-83BB121AAD01}</UniqueIdentifier>
      <Extensions>rc;ico;cur;bmp;dlg;rc2;rct;bin;rgs;gif;jpg;jpeg;jpe;resx;tiff;tif;png;wav;mfcribbon-ms</Extensions>
    </Filter>
    <Filter Include="Quelldateien\events">
      <UniqueIdentifier>{f786a6ec-c6dd-4774-8584-91befbd2f512}</UniqueIdentifier>
    </Filter>
    <Filter Include="Quelldateien\leveleditor">
      <UniqueIdentifier>{a65d93c7-b014-4f58-9c00-8c9e1467ac31}</UniqueIdentifier>
    </Filter>
    <Filter Include="Headerdateien\libs">
      <UniqueIdentifier>{7a15e5c1-7caa-49a5-993e-df704fa7dc6e}</UniqueIdentifier>
    </Filter>
    <Filter Include="Headerdateien\Engine">
      <UniqueIdentifier>{8f07923a-369d-488b-881c-f7cf32cafa28}</UniqueIdentifier>
    </Filter>
    <Filter Include="Headerdateien\Engine\Game">
      <UniqueIdentifier>{f1d58522-93f7-4eea-9ccc-d8d6e9b67d43}</UniqueIdentifier>
    </Filter>
    <Filter Include="Headerdateien\Engine\Leveleditor">
      <UniqueIdentifier>{e00e998f-82f2-4991-9f61-ca7460de4917}</UniqueIdentifier>
    </Filter>
    <Filter Include="Quelldateien\imgui">
      <UniqueIdentifier>{58a23b61-1026-4a08-b67e-ed578d7bd314}</UniqueIdentifier>
    </Filter>
    <Filter Include="Quelldateien\system">
      <UniqueIdentifier>{ec745c6e-4bb8-4629-b5aa-ee37de592d32}</UniqueIdentifier>
    </Filter>
    <Filter Include="Headerdateien\Engine\system">
      <UniqueIdentifier>{1392518f-01d5-4ad4-a208-ef9b7c0cc5f0}</UniqueIdentifier>
    </Filter>
    <Filter Include="Ressourcendateien\localisation">
      <UniqueIdentifier>{1a8e8815-a956-4c2d-80c3-f53cb9a84a75}</UniqueIdentifier>
    </Filter>
  </ItemGroup>
  <ItemGroup>
    <ClCompile Include="main.cpp">
      <Filter>Quelldateien</Filter>
    </ClCompile>
    <ClCompile Include="Rendering.cpp">
      <Filter>Quelldateien\system</Filter>
    </ClCompile>
    <ClCompile Include="Menuemanager.cpp">
      <Filter>Quelldateien\leveleditor</Filter>
    </ClCompile>
    <ClCompile Include="Mainmenue.cpp">
      <Filter>Quelldateien\leveleditor</Filter>
    </ClCompile>
    <ClCompile Include="Menue.cpp">
      <Filter>Quelldateien\leveleditor</Filter>
    </ClCompile>
    <ClCompile Include="Objectmanager.cpp">
      <Filter>Quelldateien\leveleditor</Filter>
    </ClCompile>
    <ClCompile Include="imgui.cpp">
      <Filter>Quelldateien\imgui</Filter>
    </ClCompile>
    <ClCompile Include="imgui_demo.cpp">
      <Filter>Quelldateien\imgui</Filter>
    </ClCompile>
    <ClCompile Include="imgui_draw.cpp">
      <Filter>Quelldateien\imgui</Filter>
    </ClCompile>
    <ClCompile Include="imgui-helper.cpp">
      <Filter>Quelldateien\imgui</Filter>
    </ClCompile>
    <ClCompile Include="imgui-SFML.cpp">
      <Filter>Quelldateien\imgui</Filter>
    </ClCompile>
    <ClCompile Include="Editor.cpp">
      <Filter>Quelldateien\leveleditor</Filter>
    </ClCompile>
    <ClCompile Include="Scenemanager.cpp">
      <Filter>Quelldateien\leveleditor</Filter>
    </ClCompile>
    <ClCompile Include="Localisation.cpp">
      <Filter>Quelldateien\leveleditor</Filter>
    </ClCompile>
    <ClCompile Include="Pipeline.cpp">
      <Filter>Quelldateien\system</Filter>
    </ClCompile>
    <ClCompile Include="UtilityWindows.cpp">
      <Filter>Quelldateien\leveleditor</Filter>
    </ClCompile>
  </ItemGroup>
  <ItemGroup>
    <ClInclude Include="Game.hpp">
      <Filter>Headerdateien\Engine\Game</Filter>
    </ClInclude>
    <ClInclude Include="Pipeline.hpp">
      <Filter>Headerdateien\Engine\system</Filter>
    </ClInclude>
    <ClInclude Include="Rendering.hpp">
      <Filter>Headerdateien\Engine\system</Filter>
    </ClInclude>
    <ClInclude Include="Mainmenue.hpp">
      <Filter>Headerdateien\Engine\Leveleditor</Filter>
    </ClInclude>
    <ClInclude Include="Objectmanager.hpp">
      <Filter>Headerdateien\Engine\Leveleditor</Filter>
    </ClInclude>
    <ClInclude Include="Menuemanager.hpp">
      <Filter>Headerdateien\Engine\Leveleditor</Filter>
    </ClInclude>
    <ClInclude Include="Menue.hpp">
      <Filter>Headerdateien\Engine\Leveleditor</Filter>
    </ClInclude>
    <ClInclude Include="imgui-helper.h">
      <Filter>Headerdateien\libs</Filter>
    </ClInclude>
    <ClInclude Include="Editor.hpp">
      <Filter>Headerdateien\Engine\Leveleditor</Filter>
    </ClInclude>
    <ClInclude Include="Scenemanager.hpp">
      <Filter>Headerdateien\Engine\Leveleditor</Filter>
    </ClInclude>
    <ClInclude Include="Localisation.hpp">
      <Filter>Headerdateien\Engine\Leveleditor</Filter>
    </ClInclude>
    <ClInclude Include="Exception.hpp">
      <Filter>Headerdateien\Engine\system</Filter>
    </ClInclude>
    <ClInclude Include="Datatypes.hpp">
      <Filter>Headerdateien\Engine\system</Filter>
    </ClInclude>
    <ClInclude Include="UtilityWindows.hpp">
      <Filter>Headerdateien\Engine\Leveleditor</Filter>
    </ClInclude>
  </ItemGroup>
  <ItemGroup>
    <None Include="ClassDiagram.cd" />
    <None Include="Datatypes.inl">
      <Filter>Headerdateien\Engine\system</Filter>
    </None>
  </ItemGroup>
  <ItemGroup>
    <Xml Include="en.xml">
      <Filter>Ressourcendateien\localisation</Filter>
    </Xml>
    <Xml Include="de.xml">
      <Filter>Ressourcendateien\localisation</Filter>
    </Xml>
    <Xml Include="savegame_list.xml">
      <Filter>Ressourcendateien\localisation</Filter>
    </Xml>
    <Xml Include="localisation_list.xml">
      <Filter>Ressourcendateien\localisation</Filter>
    </Xml>
  </ItemGroup>
</Project>